
Microsoft Visual Studio Solution File, Format Version 12.00
# Visual Studio Version 17
VisualStudioVersion = 17.10.35004.147
MinimumVisualStudioVersion = 10.0.40219.1
Project("{FAE04EC0-301F-11D3-BF4B-00C04F79EFBC}") = "Problem1", "Problem1\Problem1.csproj", "{F20D899B-C418-44D5-AF60-538AE455755A}"
EndProject
Project("{FAE04EC0-301F-11D3-BF4B-00C04F79EFBC}") = "01.NutritionAndCaloricIntakeAnalysis", "01.NutritionAndCaloricIntakeAnalysis\01.NutritionAndCaloricIntakeAnalysis.csproj", "{507DFC28-4D53-4CF8-9A52-3B69A1D85560}"
EndProject
Project("{FAE04EC0-301F-11D3-BF4B-00C04F79EFBC}") = "02.AverageStockPriceInRange", "02.AverageStockPriceInRange\02.AverageStockPriceInRange.csproj", "{A8B15036-FE48-42BD-AD6C-C9AF6AAF7611}"
EndProject
Global
	GlobalSection(SolutionConfigurationPlatforms) = preSolution
		Debug|Any CPU = Debug|Any CPU
		Release|Any CPU = Release|Any CPU
	EndGlobalSection
	GlobalSection(ProjectConfigurationPlatforms) = postSolution
		{F20D899B-C418-44D5-AF60-538AE455755A}.Debug|Any CPU.ActiveCfg = Debug|Any CPU
		{F20D899B-C418-44D5-AF60-538AE455755A}.Debug|Any CPU.Build.0 = Debug|Any CPU
		{F20D899B-C418-44D5-AF60-538AE455755A}.Release|Any CPU.ActiveCfg = Release|Any CPU
		{F20D899B-C418-44D5-AF60-538AE455755A}.Release|Any CPU.Build.0 = Release|Any CPU
		{507DFC28-4D53-4CF8-9A52-3B69A1D85560}.Debug|Any CPU.ActiveCfg = Debug|Any CPU
		{507DFC28-4D53-4CF8-9A52-3B69A1D85560}.Debug|Any CPU.Build.0 = Debug|Any CPU
		{507DFC28-4D53-4CF8-9A52-3B69A1D85560}.Release|Any CPU.ActiveCfg = Release|Any CPU
		{507DFC28-4D53-4CF8-9A52-3B69A1D85560}.Release|Any CPU.Build.0 = Release|Any CPU
		{A8B15036-FE48-42BD-AD6C-C9AF6AAF7611}.Debug|Any CPU.ActiveCfg = Debug|Any CPU
		{A8B15036-FE48-42BD-AD6C-C9AF6AAF7611}.Debug|Any CPU.Build.0 = Debug|Any CPU
		{A8B15036-FE48-42BD-AD6C-C9AF6AAF7611}.Release|Any CPU.ActiveCfg = Release|Any CPU
		{A8B15036-FE48-42BD-AD6C-C9AF6AAF7611}.Release|Any CPU.Build.0 = Release|Any CPU
	EndGlobalSection
	GlobalSection(SolutionProperties) = preSolution
		HideSolutionNode = FALSE
	EndGlobalSection
	GlobalSection(ExtensibilityGlobals) = postSolution
		SolutionGuid = {E90B6B03-AD25-4082-A388-7D87E2AEA151}
	EndGlobalSection
EndGlobal
