
Microsoft Visual Studio Solution File, Format Version 12.00
# Visual Studio Version 17
VisualStudioVersion = 17.11.35312.102
MinimumVisualStudioVersion = 10.0.40219.1
Project("{FAE04EC0-301F-11D3-BF4B-00C04F79EFBC}") = "EnttityFrameworkCore_Introduction", "EnttityFrameworkCore_Introduction\EnttityFrameworkCore_Introduction.csproj", "{7ACFCB91-B062-432C-A067-35A8303768DB}"
EndProject
Global
	GlobalSection(SolutionConfigurationPlatforms) = preSolution
		Debug|Any CPU = Debug|Any CPU
		Release|Any CPU = Release|Any CPU
	EndGlobalSection
	GlobalSection(ProjectConfigurationPlatforms) = postSolution
		{7ACFCB91-B062-432C-A067-35A8303768DB}.Debug|Any CPU.ActiveCfg = Debug|Any CPU
		{7ACFCB91-B062-432C-A067-35A8303768DB}.Debug|Any CPU.Build.0 = Debug|Any CPU
		{7ACFCB91-B062-432C-A067-35A8303768DB}.Release|Any CPU.ActiveCfg = Release|Any CPU
		{7ACFCB91-B062-432C-A067-35A8303768DB}.Release|Any CPU.Build.0 = Release|Any CPU
	EndGlobalSection
	GlobalSection(SolutionProperties) = preSolution
		HideSolutionNode = FALSE
	EndGlobalSection
	GlobalSection(ExtensibilityGlobals) = postSolution
		SolutionGuid = {73B091D5-C583-4271-9CB0-8B4873EEFB8F}
	EndGlobalSection
EndGlobal
