
Microsoft Visual Studio Solution File, Format Version 12.00
# Visual Studio Version 17
VisualStudioVersion = 17.8.34330.188
MinimumVisualStudioVersion = 10.0.40219.1
Project("{FAE04EC0-301F-11D3-BF4B-00C04F79EFBC}") = "DemoAPITesting", "DemoAPITesting.csproj", "{F4F2DFDA-1649-4474-ABD3-F173AE315631}"
EndProject
Project("{FAE04EC0-301F-11D3-BF4B-00C04F79EFBC}") = "DemoNunitTest", "..\DemoNunitTest\DemoNunitTest.csproj", "{319E4542-B5C2-4333-865C-88B7967904DE}"
EndProject
Global
	GlobalSection(SolutionConfigurationPlatforms) = preSolution
		Debug|Any CPU = Debug|Any CPU
		Release|Any CPU = Release|Any CPU
	EndGlobalSection
	GlobalSection(ProjectConfigurationPlatforms) = postSolution
		{F4F2DFDA-1649-4474-ABD3-F173AE315631}.Debug|Any CPU.ActiveCfg = Debug|Any CPU
		{F4F2DFDA-1649-4474-ABD3-F173AE315631}.Debug|Any CPU.Build.0 = Debug|Any CPU
		{F4F2DFDA-1649-4474-ABD3-F173AE315631}.Release|Any CPU.ActiveCfg = Release|Any CPU
		{F4F2DFDA-1649-4474-ABD3-F173AE315631}.Release|Any CPU.Build.0 = Release|Any CPU
		{319E4542-B5C2-4333-865C-88B7967904DE}.Debug|Any CPU.ActiveCfg = Debug|Any CPU
		{319E4542-B5C2-4333-865C-88B7967904DE}.Debug|Any CPU.Build.0 = Debug|Any CPU
		{319E4542-B5C2-4333-865C-88B7967904DE}.Release|Any CPU.ActiveCfg = Release|Any CPU
		{319E4542-B5C2-4333-865C-88B7967904DE}.Release|Any CPU.Build.0 = Release|Any CPU
	EndGlobalSection
	GlobalSection(SolutionProperties) = preSolution
		HideSolutionNode = FALSE
	EndGlobalSection
	GlobalSection(ExtensibilityGlobals) = postSolution
		SolutionGuid = {36E8E56C-D267-4AC6-8AC4-1EFF76491447}
	EndGlobalSection
EndGlobal
